
Microsoft Visual Studio Solution File, Format Version 12.00
# Visual Studio Version 17
VisualStudioVersion = 17.0.32126.317
MinimumVisualStudioVersion = 10.0.40219.1
Project("{FAE04EC0-301F-11D3-BF4B-00C04F79EFBC}") = "MusicalEquipmentBooking.PresentationLayer", "MusicalEquipmentBooking.PresentationLayer\MusicalEquipmentBooking.PresentationLayer.csproj", "{821AFAEF-1BF6-422F-A3A0-56AFA703FED1}"
EndProject
Project("{FAE04EC0-301F-11D3-BF4B-00C04F79EFBC}") = "MusicEquipmentBooking.DataAcsessLayer", "MusicEquipmentBooking.DataAcsessLayer\MusicEquipmentBooking.DataAcsessLayer.csproj", "{3F15000D-CD6F-47F1-989B-9ADEB6658156}"
EndProject
Project("{FAE04EC0-301F-11D3-BF4B-00C04F79EFBC}") = "MusicEquipmentBooking.BusinessLogicLayer", "MusicEquipmentBooking.BusinessLogicLayer\MusicEquipmentBooking.BusinessLogicLayer.csproj", "{1C31815B-492D-4FEF-A065-FF5514E7B4D5}"
EndProject
Project("{2150E333-8FDC-42A3-9474-1A3956D46DE8}") = "Solution Items", "Solution Items", "{7F2188B2-4382-4855-A449-8AADF3E36238}"
	ProjectSection(SolutionItems) = preProject
		.gitIgnore = .gitIgnore
	EndProjectSection
EndProject
Global
	GlobalSection(SolutionConfigurationPlatforms) = preSolution
		Debug|Any CPU = Debug|Any CPU
		Release|Any CPU = Release|Any CPU
	EndGlobalSection
	GlobalSection(ProjectConfigurationPlatforms) = postSolution
		{821AFAEF-1BF6-422F-A3A0-56AFA703FED1}.Debug|Any CPU.ActiveCfg = Debug|Any CPU
		{821AFAEF-1BF6-422F-A3A0-56AFA703FED1}.Debug|Any CPU.Build.0 = Debug|Any CPU
		{821AFAEF-1BF6-422F-A3A0-56AFA703FED1}.Release|Any CPU.ActiveCfg = Release|Any CPU
		{821AFAEF-1BF6-422F-A3A0-56AFA703FED1}.Release|Any CPU.Build.0 = Release|Any CPU
		{3F15000D-CD6F-47F1-989B-9ADEB6658156}.Debug|Any CPU.ActiveCfg = Debug|Any CPU
		{3F15000D-CD6F-47F1-989B-9ADEB6658156}.Debug|Any CPU.Build.0 = Debug|Any CPU
		{3F15000D-CD6F-47F1-989B-9ADEB6658156}.Release|Any CPU.ActiveCfg = Release|Any CPU
		{3F15000D-CD6F-47F1-989B-9ADEB6658156}.Release|Any CPU.Build.0 = Release|Any CPU
		{1C31815B-492D-4FEF-A065-FF5514E7B4D5}.Debug|Any CPU.ActiveCfg = Debug|Any CPU
		{1C31815B-492D-4FEF-A065-FF5514E7B4D5}.Debug|Any CPU.Build.0 = Debug|Any CPU
		{1C31815B-492D-4FEF-A065-FF5514E7B4D5}.Release|Any CPU.ActiveCfg = Release|Any CPU
		{1C31815B-492D-4FEF-A065-FF5514E7B4D5}.Release|Any CPU.Build.0 = Release|Any CPU
	EndGlobalSection
	GlobalSection(SolutionProperties) = preSolution
		HideSolutionNode = FALSE
	EndGlobalSection
	GlobalSection(ExtensibilityGlobals) = postSolution
		SolutionGuid = {4C54B2EC-85E2-49FD-A83D-F44D50A28CC8}
	EndGlobalSection
EndGlobal
